Microsoft Visual Studio Solution File, Format Version 12.00
# Visual Studio Version 17
VisualStudioVersion = 17.5.2.0
MinimumVisualStudioVersion = 10.0.40219.1
Project("{FAE04EC0-301F-11D3-BF4B-00C04F79EFBC}") = "Baithuchanh3", "Baithuchanh3.csproj", "{B39B0E44-7720-3C7C-8C4C-64E99EDE3FB6}"
EndProject
Global
	GlobalSection(SolutionConfigurationPlatforms) = preSolution
		Debug|Any CPU = Debug|Any CPU
		Release|Any CPU = Release|Any CPU
	EndGlobalSection
	GlobalSection(ProjectConfigurationPlatforms) = postSolution
		{B39B0E44-7720-3C7C-8C4C-64E99EDE3FB6}.Debug|Any CPU.ActiveCfg = Debug|Any CPU
		{B39B0E44-7720-3C7C-8C4C-64E99EDE3FB6}.Debug|Any CPU.Build.0 = Debug|Any CPU
		{B39B0E44-7720-3C7C-8C4C-64E99EDE3FB6}.Release|Any CPU.ActiveCfg = Release|Any CPU
		{B39B0E44-7720-3C7C-8C4C-64E99EDE3FB6}.Release|Any CPU.Build.0 = Release|Any CPU
	EndGlobalSection
	GlobalSection(SolutionProperties) = preSolution
		HideSolutionNode = FALSE
	EndGlobalSection
	GlobalSection(ExtensibilityGlobals) = postSolution
		SolutionGuid = {9C66E32C-7AF1-4F0E-A9D4-25D5B13F2216}
	EndGlobalSection
EndGlobal
